{
  "pins" : [
    {
      "identity" : "bigint.swift",
      "kind" : "remoteSourceControl",
      "location" : "https://github.com/Boilertalk/BigInt.swift.git",
      "state" : {
        "revision" : "fd9b2ebff53e7fd211a7d2b2ea682db300a8571b",
        "version" : "1.0.0"
      }
    },
    {
      "identity" : "openssl",
      "kind" : "remoteSourceControl",
      "location" : "https://github.com/krzyzanowskim/OpenSSL.git",
      "state" : {
        "revision" : "7137604ef4bffe1ae1beee8212c561134582f7ff",
        "version" : "1.1.2300"
      }
    }
  ],
  "version" : 2
}
